
Microsoft Visual Studio Solution File, Format Version 12.00
# Visual Studio Version 17
VisualStudioVersion = 17.3.32901.215
MinimumVisualStudioVersion = 10.0.40219.1
Project("{FAE04EC0-301F-11D3-BF4B-00C04F79EFBC}") = "bolum2Takim", "bolum2Takim\bolum2Takim.csproj", "{86088DA4-CF5D-4FF3-A295-F982E9DE47EB}"
EndProject
Global
	GlobalSection(SolutionConfigurationPlatforms) = preSolution
		Debug|Any CPU = Debug|Any CPU
		Release|Any CPU = Release|Any CPU
	EndGlobalSection
	GlobalSection(ProjectConfigurationPlatforms) = postSolution
		{86088DA4-CF5D-4FF3-A295-F982E9DE47EB}.Debug|Any CPU.ActiveCfg = Debug|Any CPU
		{86088DA4-CF5D-4FF3-A295-F982E9DE47EB}.Debug|Any CPU.Build.0 = Debug|Any CPU
		{86088DA4-CF5D-4FF3-A295-F982E9DE47EB}.Release|Any CPU.ActiveCfg = Release|Any CPU
		{86088DA4-CF5D-4FF3-A295-F982E9DE47EB}.Release|Any CPU.Build.0 = Release|Any CPU
	EndGlobalSection
	GlobalSection(SolutionProperties) = preSolution
		HideSolutionNode = FALSE
	EndGlobalSection
	GlobalSection(ExtensibilityGlobals) = postSolution
		SolutionGuid = {7AA4BA10-918C-41F9-98CC-EA92158664D9}
	EndGlobalSection
EndGlobal
